<?xml version="1.0" encoding="utf-8"?>
<Project ToolsVersion="4.0" xmlns="http://schemas.microsoft.com/developer/msbuild/2003">
  <ItemGroup>
    <Filter Include="Source Files">
      <UniqueIdentifier>{4FC737F1-C7A5-4376-A066-2A32D752A2FF}</UniqueIdentifier>
      <Extensions>cpp;c;cxx;def;odl;idl;hpj;bat;asm;asmx</Extensions>
    </Filter>
    <Filter Include="Header Files">
      <UniqueIdentifier>{93995380-89BD-4b04-88EB-625FBE52EBFB}</UniqueIdentifier>
      <Extensions>h;hpp;hxx;hm;inl;inc;xsd</Extensions>
    </Filter>
    <Filter Include="Resource Files">
      <UniqueIdentifier>{67DA6AB6-F800-4c08-8B7A-83BB121AAD01}</UniqueIdentifier>
      <Extensions>rc;ico;cur;bmp;dlg;rc2;rct;bin;rgs;gif;jpg;jpeg;jpe;resx</Extensions>
    </Filter>
    <Filter Include="ZLib">
      <UniqueIdentifier>{f426175e-a390-420a-a7fa-bd454cbff595}</UniqueIdentifier>
    </Filter>
    <Filter Include="LZMA">
      <UniqueIdentifier>{4cc4e449-7890-46c9-8285-06d73a005abf}</UniqueIdentifier>
    </Filter>
    <Filter Include="BZip2">
      <UniqueIdentifier>{291de3fc-6659-4401-816e-039a0a16ac5a}</UniqueIdentifier>
    </Filter>
    <Filter Include="Explode">
      <UniqueIdentifier>{197edd42-d4b9-45c4-96db-95452fd4526b}</UniqueIdentifier>
    </Filter>
  </ItemGroup>
  <ItemGroup>
    <ClCompile Include="7zFile.cpp">
      <Filter>Source Files</Filter>
    </ClCompile>
    <ClCompile Include="Clipboard.cpp">
      <Filter>Source Files</Filter>
    </ClCompile>
    <ClCompile Include="configfile.cpp">
      <Filter>Source Files</Filter>
    </ClCompile>
    <ClCompile Include="CurveDialog.cpp">
      <Filter>Source Files</Filter>
    </ClCompile>
    <ClCompile Include="DisplayText.cpp">
      <Filter>Source Files</Filter>
    </ClCompile>
    <ClCompile Include="Edit-Linedef.cpp">
      <Filter>Source Files</Filter>
    </ClCompile>
    <ClCompile Include="Edit-Sector.cpp">
      <Filter>Source Files</Filter>
    </ClCompile>
    <ClCompile Include="Edit-Things.cpp">
      <Filter>Source Files</Filter>
    </ClCompile>
    <ClCompile Include="files.cpp">
      <Filter>Source Files</Filter>
    </ClCompile>
    <ClCompile Include="GameConfig.cpp">
      <Filter>Source Files</Filter>
    </ClCompile>
    <ClCompile Include="GenericTriggerDialogs.cpp">
      <Filter>Source Files</Filter>
    </ClCompile>
    <ClCompile Include="GenericTriggers.cpp">
      <Filter>Source Files</Filter>
    </ClCompile>
    <ClCompile Include="GridSet.cpp">
      <Filter>Source Files</Filter>
    </ClCompile>
    <ClCompile Include="Images.cpp">
      <Filter>Source Files</Filter>
    </ClCompile>
    <ClCompile Include="Infobars.cpp">
      <Filter>Source Files</Filter>
    </ClCompile>
    <ClCompile Include="IWADSelect.cpp">
      <Filter>Source Files</Filter>
    </ClCompile>
    <ClCompile Include="Keybind.cpp">
      <Filter>Source Files</Filter>
    </ClCompile>
    <ClCompile Include="kssc.cpp">
      <Filter>Source Files</Filter>
    </ClCompile>
    <ClCompile Include="Level-Check.cpp">
      <Filter>Source Files</Filter>
    </ClCompile>
    <ClCompile Include="Level-Coord.cpp">
      <Filter>Source Files</Filter>
    </ClCompile>
    <ClCompile Include="Level-Delete.cpp">
      <Filter>Source Files</Filter>
    </ClCompile>
    <ClCompile Include="Level-Draw.cpp">
      <Filter>Source Files</Filter>
    </ClCompile>
    <ClCompile Include="Level-Find.cpp">
      <Filter>Source Files</Filter>
    </ClCompile>
    <ClCompile Include="Level-Grid.cpp">
      <Filter>Source Files</Filter>
    </ClCompile>
    <ClCompile Include="Level-Insert.cpp">
      <Filter>Source Files</Filter>
    </ClCompile>
    <ClCompile Include="Level-Linedraw.cpp">
      <Filter>Source Files</Filter>
    </ClCompile>
    <ClCompile Include="Level-Mouse.cpp">
      <Filter>Source Files</Filter>
    </ClCompile>
    <ClCompile Include="Level-Obj.cpp">
      <Filter>Source Files</Filter>
    </ClCompile>
    <ClCompile Include="Level-Properties.cpp">
      <Filter>Source Files</Filter>
    </ClCompile>
    <ClCompile Include="Level-Save.cpp">
      <Filter>Source Files</Filter>
    </ClCompile>
    <ClCompile Include="Level-Statistics.cpp">
      <Filter>Source Files</Filter>
    </ClCompile>
    <ClCompile Include="Level-Undo.cpp">
      <Filter>Source Files</Filter>
    </ClCompile>
    <ClCompile Include="Level.cpp">
      <Filter>Source Files</Filter>
    </ClCompile>
    <ClCompile Include="Map.cpp">
      <Filter>Source Files</Filter>
    </ClCompile>
    <ClCompile Include="name.cpp">
      <Filter>Source Files</Filter>
    </ClCompile>
    <ClCompile Include="NumberInput.cpp">
      <Filter>Source Files</Filter>
    </ClCompile>
    <ClCompile Include="Preferences.cpp">
      <Filter>Source Files</Filter>
    </ClCompile>
    <ClCompile Include="ResourceFile.cpp">
      <Filter>Source Files</Filter>
    </ClCompile>
    <ClCompile Include="RotateInput.cpp">
      <Filter>Source Files</Filter>
    </ClCompile>
    <ClCompile Include="sc_man.cpp">
      <Filter>Source Files</Filter>
    </ClCompile>
    <ClCompile Include="ScriptEditor.cpp">
      <Filter>Source Files</Filter>
    </ClCompile>
    <ClCompile Include="SingleLump.cpp">
      <Filter>Source Files</Filter>
    </ClCompile>
    <ClCompile Include="SpecialArgs.cpp">
      <Filter>Source Files</Filter>
    </ClCompile>
    <ClCompile Include="stdafx.cpp">
      <Filter>Source Files</Filter>
    </ClCompile>
    <ClCompile Include="TexBox.cpp">
      <Filter>Source Files</Filter>
    </ClCompile>
    <ClCompile Include="TexRenameDlg.cpp">
      <Filter>Source Files</Filter>
    </ClCompile>
    <ClCompile Include="texture.cpp">
      <Filter>Source Files</Filter>
    </ClCompile>
    <ClCompile Include="texturedata.cpp">
      <Filter>Source Files</Filter>
    </ClCompile>
    <ClCompile Include="TextureSelect.cpp">
      <Filter>Source Files</Filter>
    </ClCompile>
    <ClCompile Include="TextureView.cpp">
      <Filter>Source Files</Filter>
    </ClCompile>
    <ClCompile Include="things-parser.cpp">
      <Filter>Source Files</Filter>
    </ClCompile>
    <ClCompile Include="Undo.cpp">
      <Filter>Source Files</Filter>
    </ClCompile>
    <ClCompile Include="UnusedTextures.cpp">
      <Filter>Source Files</Filter>
    </ClCompile>
    <ClCompile Include="View2D.cpp">
      <Filter>Source Files</Filter>
    </ClCompile>
    <ClCompile Include="WADFile.cpp">
      <Filter>Source Files</Filter>
    </ClCompile>
    <ClCompile Include="WadLibrary.cpp">
      <Filter>Source Files</Filter>
    </ClCompile>
    <ClCompile Include="WadManager.cpp">
      <Filter>Source Files</Filter>
    </ClCompile>
    <ClCompile Include="wadstatistics.cpp">
      <Filter>Source Files</Filter>
    </ClCompile>
    <ClCompile Include="ZEd.cpp">
      <Filter>Source Files</Filter>
    </ClCompile>
    <ClCompile Include="ZEdMDIFRame.cpp">
      <Filter>Source Files</Filter>
    </ClCompile>
    <ClCompile Include="ZipFile.cpp">
      <Filter>Source Files</Filter>
    </ClCompile>
    <ClCompile Include="zstrformat.cpp">
      <Filter>Source Files</Filter>
    </ClCompile>
    <ClCompile Include="zstring.cpp">
      <Filter>Source Files</Filter>
    </ClCompile>
    <ClCompile Include="zip\zlib\adler32.c">
      <Filter>ZLib</Filter>
    </ClCompile>
    <ClCompile Include="zip\zlib\compress.c">
      <Filter>ZLib</Filter>
    </ClCompile>
    <ClCompile Include="zip\zlib\crc32.c">
      <Filter>ZLib</Filter>
    </ClCompile>
    <ClCompile Include="zip\zlib\deflate.c">
      <Filter>ZLib</Filter>
    </ClCompile>
    <ClCompile Include="zip\zlib\example.c">
      <Filter>ZLib</Filter>
    </ClCompile>
    <ClCompile Include="zip\zlib\gzio.c">
      <Filter>ZLib</Filter>
    </ClCompile>
    <ClCompile Include="zip\zlib\infback.c">
      <Filter>ZLib</Filter>
    </ClCompile>
    <ClCompile Include="zip\zlib\inffast.c">
      <Filter>ZLib</Filter>
    </ClCompile>
    <ClCompile Include="zip\zlib\inflate.c">
      <Filter>ZLib</Filter>
    </ClCompile>
    <ClCompile Include="zip\zlib\inftrees.c">
      <Filter>ZLib</Filter>
    </ClCompile>
    <ClCompile Include="zip\zlib\trees.c">
      <Filter>ZLib</Filter>
    </ClCompile>
    <ClCompile Include="zip\zlib\uncompr.c">
      <Filter>ZLib</Filter>
    </ClCompile>
    <ClCompile Include="zip\zlib\zutil.c">
      <Filter>ZLib</Filter>
    </ClCompile>
    <ClCompile Include="zip\lzma\C\7zBuf.c">
      <Filter>LZMA</Filter>
    </ClCompile>
    <ClCompile Include="zip\lzma\C\7zCrc.c">
      <Filter>LZMA</Filter>
    </ClCompile>
    <ClCompile Include="zip\lzma\C\Archive\7z\7zDecode.c">
      <Filter>LZMA</Filter>
    </ClCompile>
    <ClCompile Include="zip\lzma\C\Archive\7z\7zExtract.c">
      <Filter>LZMA</Filter>
    </ClCompile>
    <ClCompile Include="zip\lzma\C\Archive\7z\7zHeader.c">
      <Filter>LZMA</Filter>
    </ClCompile>
    <ClCompile Include="zip\lzma\C\Archive\7z\7zIn.c">
      <Filter>LZMA</Filter>
    </ClCompile>
    <ClCompile Include="zip\lzma\C\Archive\7z\7zItem.c">
      <Filter>LZMA</Filter>
    </ClCompile>
    <ClCompile Include="zip\lzma\C\7zStream.c">
      <Filter>LZMA</Filter>
    </ClCompile>
    <ClCompile Include="zip\lzma\C\Alloc.c">
      <Filter>LZMA</Filter>
    </ClCompile>
    <ClCompile Include="zip\lzma\C\Bcj2.c">
      <Filter>LZMA</Filter>
    </ClCompile>
    <ClCompile Include="zip\lzma\C\Bra86.c">
      <Filter>LZMA</Filter>
    </ClCompile>
    <ClCompile Include="zip\lzma\C\LzFind.c">
      <Filter>LZMA</Filter>
    </ClCompile>
    <ClCompile Include="zip\lzma\C\LzFindMt.c">
      <Filter>LZMA</Filter>
    </ClCompile>
    <ClCompile Include="zip\lzma\C\LzmaDec.c">
      <Filter>LZMA</Filter>
    </ClCompile>
    <ClCompile Include="zip\lzma\C\LzmaEnc.c">
      <Filter>LZMA</Filter>
    </ClCompile>
    <ClCompile Include="zip\lzma\C\LzmaLib.c">
      <Filter>LZMA</Filter>
    </ClCompile>
    <ClCompile Include="zip\lzma\C\Threads.c">
      <Filter>LZMA</Filter>
    </ClCompile>
    <ClCompile Include="zip\bzip2\blocksort.c">
      <Filter>BZip2</Filter>
    </ClCompile>
    <ClCompile Include="zip\bzip2\bzlib.c">
      <Filter>BZip2</Filter>
    </ClCompile>
    <ClCompile Include="zip\bzip2\compress.c">
      <Filter>BZip2</Filter>
    </ClCompile>
    <ClCompile Include="zip\bzip2\crctable.c">
      <Filter>BZip2</Filter>
    </ClCompile>
    <ClCompile Include="zip\bzip2\decompress.c">
      <Filter>BZip2</Filter>
    </ClCompile>
    <ClCompile Include="zip\bzip2\huffman.c">
      <Filter>BZip2</Filter>
    </ClCompile>
    <ClCompile Include="zip\bzip2\randtable.c">
      <Filter>BZip2</Filter>
    </ClCompile>
    <ClCompile Include="zip\explode\explode.cpp">
      <Filter>Explode</Filter>
    </ClCompile>
    <ClCompile Include="cmdlib.cpp">
      <Filter>Source Files</Filter>
    </ClCompile>
    <ClCompile Include="file_grp.cpp">
      <Filter>Source Files</Filter>
    </ClCompile>
    <ClCompile Include="file_rff.cpp">
      <Filter>Source Files</Filter>
    </ClCompile>
    <ClCompile Include="BuildToUDMF.cpp">
      <Filter>Source Files</Filter>
    </ClCompile>
    <ClCompile Include="maploader.cpp">
      <Filter>Source Files</Filter>
    </ClCompile>
  </ItemGroup>
  <ItemGroup>
    <ClInclude Include="configfile.h">
      <Filter>Header Files</Filter>
    </ClInclude>
    <ClInclude Include="doomerrors.h">
      <Filter>Header Files</Filter>
    </ClInclude>
    <ClInclude Include="doomtype.h">
      <Filter>Header Files</Filter>
    </ClInclude>
    <ClInclude Include="files.h">
      <Filter>Header Files</Filter>
    </ClInclude>
    <ClInclude Include="GameConfig.h">
      <Filter>Header Files</Filter>
    </ClInclude>
    <ClInclude Include="GenericTriggers.h">
      <Filter>Header Files</Filter>
    </ClInclude>
    <ClInclude Include="images.h">
      <Filter>Header Files</Filter>
    </ClInclude>
    <ClInclude Include="Infobars.h">
      <Filter>Header Files</Filter>
    </ClInclude>
    <ClInclude Include="Level.h">
      <Filter>Header Files</Filter>
    </ClInclude>
    <ClInclude Include="linedraw.h">
      <Filter>Header Files</Filter>
    </ClInclude>
    <ClInclude Include="m_swap.h">
      <Filter>Header Files</Filter>
    </ClInclude>
    <ClInclude Include="Mapdata.h">
      <Filter>Header Files</Filter>
    </ClInclude>
    <ClInclude Include="name.h">
      <Filter>Header Files</Filter>
    </ClInclude>
    <ClInclude Include="namedef.h">
      <Filter>Header Files</Filter>
    </ClInclude>
    <ClInclude Include="Resource.h">
      <Filter>Header Files</Filter>
    </ClInclude>
    <ClInclude Include="ResourceFile.h">
      <Filter>Header Files</Filter>
    </ClInclude>
    <ClInclude Include="sc_man.h">
      <Filter>Header Files</Filter>
    </ClInclude>
    <ClInclude Include="ScriptEditor.h">
      <Filter>Header Files</Filter>
    </ClInclude>
    <ClInclude Include="stdafx.h">
      <Filter>Header Files</Filter>
    </ClInclude>
    <ClInclude Include="tarray.h">
      <Filter>Header Files</Filter>
    </ClInclude>
    <ClInclude Include="texture.h">
      <Filter>Header Files</Filter>
    </ClInclude>
    <ClInclude Include="View2D.h">
      <Filter>Header Files</Filter>
    </ClInclude>
    <ClInclude Include="w_zip.h">
      <Filter>Header Files</Filter>
    </ClInclude>
    <ClInclude Include="ZEd.h">
      <Filter>Header Files</Filter>
    </ClInclude>
    <ClInclude Include="zstring.h">
      <Filter>Header Files</Filter>
    </ClInclude>
    <ClInclude Include="zip\zlib\crc32.h">
      <Filter>ZLib</Filter>
    </ClInclude>
    <ClInclude Include="zip\zlib\deflate.h">
      <Filter>ZLib</Filter>
    </ClInclude>
    <ClInclude Include="zip\zlib\inffast.h">
      <Filter>ZLib</Filter>
    </ClInclude>
    <ClInclude Include="zip\zlib\inffixed.h">
      <Filter>ZLib</Filter>
    </ClInclude>
    <ClInclude Include="zip\zlib\inflate.h">
      <Filter>ZLib</Filter>
    </ClInclude>
    <ClInclude Include="zip\zlib\inftrees.h">
      <Filter>ZLib</Filter>
    </ClInclude>
    <ClInclude Include="zip\zlib\trees.h">
      <Filter>ZLib</Filter>
    </ClInclude>
    <ClInclude Include="zip\zlib\zconf.h">
      <Filter>ZLib</Filter>
    </ClInclude>
    <ClInclude Include="zip\zlib\zconf.in.h">
      <Filter>ZLib</Filter>
    </ClInclude>
    <ClInclude Include="zip\zlib\zlib.h">
      <Filter>ZLib</Filter>
    </ClInclude>
    <ClInclude Include="zip\zlib\zutil.h">
      <Filter>ZLib</Filter>
    </ClInclude>
    <ClInclude Include="zip\lzma\C\7zBuf.h">
      <Filter>LZMA</Filter>
    </ClInclude>
    <ClInclude Include="zip\lzma\C\7zCrc.h">
      <Filter>LZMA</Filter>
    </ClInclude>
    <ClInclude Include="zip\lzma\C\Archive\7z\7zDecode.h">
      <Filter>LZMA</Filter>
    </ClInclude>
    <ClInclude Include="zip\lzma\C\Archive\7z\7zExtract.h">
      <Filter>LZMA</Filter>
    </ClInclude>
    <ClInclude Include="zip\lzma\C\Archive\7z\7zHeader.h">
      <Filter>LZMA</Filter>
    </ClInclude>
    <ClInclude Include="zip\lzma\C\Archive\7z\7zIn.h">
      <Filter>LZMA</Filter>
    </ClInclude>
    <ClInclude Include="zip\lzma\C\Archive\7z\7zItem.h">
      <Filter>LZMA</Filter>
    </ClInclude>
    <ClInclude Include="zip\lzma\C\7zVersion.h">
      <Filter>LZMA</Filter>
    </ClInclude>
    <ClInclude Include="zip\lzma\C\Alloc.h">
      <Filter>LZMA</Filter>
    </ClInclude>
    <ClInclude Include="zip\lzma\C\Bcj2.h">
      <Filter>LZMA</Filter>
    </ClInclude>
    <ClInclude Include="zip\lzma\C\Bra.h">
      <Filter>LZMA</Filter>
    </ClInclude>
    <ClInclude Include="zip\lzma\C\CpuArch.h">
      <Filter>LZMA</Filter>
    </ClInclude>
    <ClInclude Include="zip\lzma\C\LzFind.h">
      <Filter>LZMA</Filter>
    </ClInclude>
    <ClInclude Include="zip\lzma\C\LzFindMt.h">
      <Filter>LZMA</Filter>
    </ClInclude>
    <ClInclude Include="zip\lzma\C\LzHash.h">
      <Filter>LZMA</Filter>
    </ClInclude>
    <ClInclude Include="zip\lzma\C\LzmaDec.h">
      <Filter>LZMA</Filter>
    </ClInclude>
    <ClInclude Include="zip\lzma\C\LzmaEnc.h">
      <Filter>LZMA</Filter>
    </ClInclude>
    <ClInclude Include="zip\lzma\C\LzmaLib.h">
      <Filter>LZMA</Filter>
    </ClInclude>
    <ClInclude Include="zip\lzma\C\Threads.h">
      <Filter>LZMA</Filter>
    </ClInclude>
    <ClInclude Include="zip\lzma\C\Types.h">
      <Filter>LZMA</Filter>
    </ClInclude>
    <ClInclude Include="zip\bzip2\bzlib.h">
      <Filter>BZip2</Filter>
    </ClInclude>
    <ClInclude Include="zip\bzip2\bzlib_private.h">
      <Filter>BZip2</Filter>
    </ClInclude>
    <ClInclude Include="zip\explode\explode.h">
      <Filter>Explode</Filter>
    </ClInclude>
    <ClInclude Include="cmdlib.h">
      <Filter>Source Files</Filter>
    </ClInclude>
    <ClInclude Include="buildtypes.h">
      <Filter>Header Files</Filter>
    </ClInclude>
  </ItemGroup>
  <ItemGroup>
    <Image Include="small.ico">
      <Filter>Resource Files</Filter>
    </Image>
    <Image Include="ZEd.ico">
      <Filter>Resource Files</Filter>
    </Image>
  </ItemGroup>
  <ItemGroup>
    <ResourceCompile Include="ZEd.rc">
      <Filter>Resource Files</Filter>
    </ResourceCompile>
  </ItemGroup>
  <ItemGroup>
    <Text Include="ReadMe.txt" />
  </ItemGroup>
</Project>